
Microsoft Visual Studio Solution File, Format Version 12.00
# Visual Studio 2012
Project("{FAE04EC0-301F-11D3-BF4B-00C04F79EFBC}") = "AttachmentLoadTester", "AttachmentLoadTester.csproj", "{C07896E1-D949-4832-B4E0-71549CF95D79}"
EndProject
Global
	GlobalSection(SolutionConfigurationPlatforms) = preSolution
		Debug|Any CPU = Debug|Any CPU
		Release|Any CPU = Release|Any CPU
	EndGlobalSection
	GlobalSection(ProjectConfigurationPlatforms) = postSolution
		{C07896E1-D949-4832-B4E0-71549CF95D79}.Debug|Any CPU.ActiveCfg = Debug|Any CPU
		{C07896E1-D949-4832-B4E0-71549CF95D79}.Debug|Any CPU.Build.0 = Debug|Any CPU
		{C07896E1-D949-4832-B4E0-71549CF95D79}.Release|Any CPU.ActiveCfg = Release|Any CPU
		{C07896E1-D949-4832-B4E0-71549CF95D79}.Release|Any CPU.Build.0 = Release|Any CPU
	EndGlobalSection
	GlobalSection(SolutionProperties) = preSolution
		HideSolutionNode = FALSE
	EndGlobalSection
EndGlobal
